
Microsoft Visual Studio Solution File, Format Version 12.00
# Visual Studio 15
VisualStudioVersion = 15.0.28307.168
MinimumVisualStudioVersion = 10.0.40219.1
Project("{FAE04EC0-301F-11D3-BF4B-00C04F79EFBC}") = "PoC_Tesseract", "PoC_Tesseract\PoC_Tesseract.csproj", "{9F869301-838E-4124-8CC2-3F6CD80AB718}"
EndProject
Global
	GlobalSection(SolutionConfigurationPlatforms) = preSolution
		Debug|Any CPU = Debug|Any CPU
		Release|Any CPU = Release|Any CPU
	EndGlobalSection
	GlobalSection(ProjectConfigurationPlatforms) = postSolution
		{9F869301-838E-4124-8CC2-3F6CD80AB718}.Debug|Any CPU.ActiveCfg = Debug|Any CPU
		{9F869301-838E-4124-8CC2-3F6CD80AB718}.Debug|Any CPU.Build.0 = Debug|Any CPU
		{9F869301-838E-4124-8CC2-3F6CD80AB718}.Release|Any CPU.ActiveCfg = Release|Any CPU
		{9F869301-838E-4124-8CC2-3F6CD80AB718}.Release|Any CPU.Build.0 = Release|Any CPU
	EndGlobalSection
	GlobalSection(SolutionProperties) = preSolution
		HideSolutionNode = FALSE
	EndGlobalSection
	GlobalSection(ExtensibilityGlobals) = postSolution
		SolutionGuid = {E89957F6-2C8E-4D39-8D55-3DBF40CAC7CB}
	EndGlobalSection
EndGlobal
